
Microsoft Visual Studio Solution File, Format Version 12.00
# Visual Studio Version 17
VisualStudioVersion = 17.9.34723.18
MinimumVisualStudioVersion = 10.0.40219.1
Project("{FAE04EC0-301F-11D3-BF4B-00C04F79EFBC}") = "ecommerce_website_backend", "ecommerce_website_backend\ecommerce_website_backend.csproj", "{668C3F65-0843-4F73-89DA-45745B66CBB0}"
EndProject
Global
	GlobalSection(SolutionConfigurationPlatforms) = preSolution
		Debug|Any CPU = Debug|Any CPU
		Release|Any CPU = Release|Any CPU
	EndGlobalSection
	GlobalSection(ProjectConfigurationPlatforms) = postSolution
		{668C3F65-0843-4F73-89DA-45745B66CBB0}.Debug|Any CPU.ActiveCfg = Debug|Any CPU
		{668C3F65-0843-4F73-89DA-45745B66CBB0}.Debug|Any CPU.Build.0 = Debug|Any CPU
		{668C3F65-0843-4F73-89DA-45745B66CBB0}.Release|Any CPU.ActiveCfg = Release|Any CPU
		{668C3F65-0843-4F73-89DA-45745B66CBB0}.Release|Any CPU.Build.0 = Release|Any CPU
	EndGlobalSection
	GlobalSection(SolutionProperties) = preSolution
		HideSolutionNode = FALSE
	EndGlobalSection
	GlobalSection(ExtensibilityGlobals) = postSolution
		SolutionGuid = {AE9F0716-ED96-4859-8F25-1AA890A7C990}
	EndGlobalSection
EndGlobal
